
Microsoft Visual Studio Solution File, Format Version 12.00
# Visual Studio Version 17
VisualStudioVersion = 17.2.32630.192
MinimumVisualStudioVersion = 10.0.40219.1
Project("{FAE04EC0-301F-11D3-BF4B-00C04F79EFBC}") = "kursova", "kursova\kursova.csproj", "{2B79EA10-916F-4BB8-B638-71AD252C8A64}"
EndProject
Global
	GlobalSection(SolutionConfigurationPlatforms) = preSolution
		Debug|Any CPU = Debug|Any CPU
		Release|Any CPU = Release|Any CPU
	EndGlobalSection
	GlobalSection(ProjectConfigurationPlatforms) = postSolution
		{2B79EA10-916F-4BB8-B638-71AD252C8A64}.Debug|Any CPU.ActiveCfg = Debug|Any CPU
		{2B79EA10-916F-4BB8-B638-71AD252C8A64}.Debug|Any CPU.Build.0 = Debug|Any CPU
		{2B79EA10-916F-4BB8-B638-71AD252C8A64}.Release|Any CPU.ActiveCfg = Release|Any CPU
		{2B79EA10-916F-4BB8-B638-71AD252C8A64}.Release|Any CPU.Build.0 = Release|Any CPU
	EndGlobalSection
	GlobalSection(SolutionProperties) = preSolution
		HideSolutionNode = FALSE
	EndGlobalSection
	GlobalSection(ExtensibilityGlobals) = postSolution
		SolutionGuid = {9C95E225-6077-4A26-BE92-4118A4E2365E}
	EndGlobalSection
EndGlobal
